
Microsoft Visual Studio Solution File, Format Version 12.00
# Visual Studio Version 16
VisualStudioVersion = 16.0.32413.511
MinimumVisualStudioVersion = 10.0.40219.1
Project("{9A19103F-16F7-4668-BE54-9A1E7A4F7556}") = "UserManagement", "UserManagement\UserManagement.csproj", "{54ADFA2F-A0C1-4254-83E8-52B5815D8B3C}"
EndProject
Project("{9A19103F-16F7-4668-BE54-9A1E7A4F7556}") = "UnitTest", "UnitTest\UnitTest.csproj", "{7F77E179-0869-446D-A782-EB24D8AC70A7}"
EndProject
Global
	GlobalSection(SolutionConfigurationPlatforms) = preSolution
		Debug|Any CPU = Debug|Any CPU
		Release|Any CPU = Release|Any CPU
	EndGlobalSection
	GlobalSection(ProjectConfigurationPlatforms) = postSolution
		{54ADFA2F-A0C1-4254-83E8-52B5815D8B3C}.Debug|Any CPU.ActiveCfg = Debug|Any CPU
		{54ADFA2F-A0C1-4254-83E8-52B5815D8B3C}.Debug|Any CPU.Build.0 = Debug|Any CPU
		{54ADFA2F-A0C1-4254-83E8-52B5815D8B3C}.Release|Any CPU.ActiveCfg = Release|Any CPU
		{54ADFA2F-A0C1-4254-83E8-52B5815D8B3C}.Release|Any CPU.Build.0 = Release|Any CPU
		{7F77E179-0869-446D-A782-EB24D8AC70A7}.Debug|Any CPU.ActiveCfg = Debug|Any CPU
		{7F77E179-0869-446D-A782-EB24D8AC70A7}.Debug|Any CPU.Build.0 = Debug|Any CPU
		{7F77E179-0869-446D-A782-EB24D8AC70A7}.Release|Any CPU.ActiveCfg = Release|Any CPU
		{7F77E179-0869-446D-A782-EB24D8AC70A7}.Release|Any CPU.Build.0 = Release|Any CPU
	EndGlobalSection
	GlobalSection(SolutionProperties) = preSolution
		HideSolutionNode = FALSE
	EndGlobalSection
	GlobalSection(ExtensibilityGlobals) = postSolution
		SolutionGuid = {37F5158C-86B4-4881-BF6A-BEA49508B282}
	EndGlobalSection
EndGlobal
